
Microsoft Visual Studio Solution File, Format Version 12.00
# Visual Studio 15
VisualStudioVersion = 15.0.28307.136
MinimumVisualStudioVersion = 10.0.40219.1
Project("{FAE04EC0-301F-11D3-BF4B-00C04F79EFBC}") = "MailingLabelLab", "MailingLabelLab\MailingLabelLab.csproj", "{45591ABD-B25F-47C9-A12E-E0EC905002BB}"
EndProject
Global
	GlobalSection(SolutionConfigurationPlatforms) = preSolution
		Debug|Any CPU = Debug|Any CPU
		Release|Any CPU = Release|Any CPU
	EndGlobalSection
	GlobalSection(ProjectConfigurationPlatforms) = postSolution
		{45591ABD-B25F-47C9-A12E-E0EC905002BB}.Debug|Any CPU.ActiveCfg = Debug|Any CPU
		{45591ABD-B25F-47C9-A12E-E0EC905002BB}.Debug|Any CPU.Build.0 = Debug|Any CPU
		{45591ABD-B25F-47C9-A12E-E0EC905002BB}.Release|Any CPU.ActiveCfg = Release|Any CPU
		{45591ABD-B25F-47C9-A12E-E0EC905002BB}.Release|Any CPU.Build.0 = Release|Any CPU
	EndGlobalSection
	GlobalSection(SolutionProperties) = preSolution
		HideSolutionNode = FALSE
	EndGlobalSection
	GlobalSection(ExtensibilityGlobals) = postSolution
		SolutionGuid = {55E436FB-8BB8-4BE5-9511-DF725D7DEFB6}
	EndGlobalSection
EndGlobal
