
Microsoft Visual Studio Solution File, Format Version 12.00
# Visual Studio 15
VisualStudioVersion = 15.0.28307.136
MinimumVisualStudioVersion = 10.0.40219.1
Project("{FAE04EC0-301F-11D3-BF4B-00C04F79EFBC}") = "TableAdapterInClass", "TableAdapterInClass\TableAdapterInClass.csproj", "{2B94140B-47D0-40E1-B601-B02AC83B11CE}"
EndProject
Global
	GlobalSection(SolutionConfigurationPlatforms) = preSolution
		Debug|Any CPU = Debug|Any CPU
		Release|Any CPU = Release|Any CPU
	EndGlobalSection
	GlobalSection(ProjectConfigurationPlatforms) = postSolution
		{2B94140B-47D0-40E1-B601-B02AC83B11CE}.Debug|Any CPU.ActiveCfg = Debug|Any CPU
		{2B94140B-47D0-40E1-B601-B02AC83B11CE}.Debug|Any CPU.Build.0 = Debug|Any CPU
		{2B94140B-47D0-40E1-B601-B02AC83B11CE}.Release|Any CPU.ActiveCfg = Release|Any CPU
		{2B94140B-47D0-40E1-B601-B02AC83B11CE}.Release|Any CPU.Build.0 = Release|Any CPU
	EndGlobalSection
	GlobalSection(SolutionProperties) = preSolution
		HideSolutionNode = FALSE
	EndGlobalSection
	GlobalSection(ExtensibilityGlobals) = postSolution
		SolutionGuid = {0D4AF8BE-E9FB-4247-83ED-07CB2C15401E}
	EndGlobalSection
EndGlobal
