
Microsoft Visual Studio Solution File, Format Version 12.00
# Visual Studio 15
VisualStudioVersion = 15.0.28307.136
MinimumVisualStudioVersion = 10.0.40219.1
Project("{FAE04EC0-301F-11D3-BF4B-00C04F79EFBC}") = "MasterPageLab", "MasterPageLab\MasterPageLab.csproj", "{318F5394-48BD-46B9-9288-8B10BC8696AB}"
EndProject
Global
	GlobalSection(SolutionConfigurationPlatforms) = preSolution
		Debug|Any CPU = Debug|Any CPU
		Release|Any CPU = Release|Any CPU
	EndGlobalSection
	GlobalSection(ProjectConfigurationPlatforms) = postSolution
		{318F5394-48BD-46B9-9288-8B10BC8696AB}.Debug|Any CPU.ActiveCfg = Debug|Any CPU
		{318F5394-48BD-46B9-9288-8B10BC8696AB}.Debug|Any CPU.Build.0 = Debug|Any CPU
		{318F5394-48BD-46B9-9288-8B10BC8696AB}.Release|Any CPU.ActiveCfg = Release|Any CPU
		{318F5394-48BD-46B9-9288-8B10BC8696AB}.Release|Any CPU.Build.0 = Release|Any CPU
	EndGlobalSection
	GlobalSection(SolutionProperties) = preSolution
		HideSolutionNode = FALSE
	EndGlobalSection
	GlobalSection(ExtensibilityGlobals) = postSolution
		SolutionGuid = {ADD59401-122F-4B57-B2B1-E46DEBC2E9B5}
	EndGlobalSection
EndGlobal
